
Microsoft Visual Studio Solution File, Format Version 12.00
# Visual Studio Version 16
VisualStudioVersion = 16.0.29920.165
MinimumVisualStudioVersion = 10.0.40219.1
Project("{FAE04EC0-301F-11D3-BF4B-00C04F79EFBC}") = "Biblioteca Lexi", "Biblioteca Lexi\Biblioteca Lexi.csproj", "{1385FF3A-117D-4BE8-A8BF-B293ACD00C49}"
EndProject
Global
	GlobalSection(SolutionConfigurationPlatforms) = preSolution
		Debug|Any CPU = Debug|Any CPU
		Release|Any CPU = Release|Any CPU
	EndGlobalSection
	GlobalSection(ProjectConfigurationPlatforms) = postSolution
		{1385FF3A-117D-4BE8-A8BF-B293ACD00C49}.Debug|Any CPU.ActiveCfg = Debug|Any CPU
		{1385FF3A-117D-4BE8-A8BF-B293ACD00C49}.Debug|Any CPU.Build.0 = Debug|Any CPU
		{1385FF3A-117D-4BE8-A8BF-B293ACD00C49}.Release|Any CPU.ActiveCfg = Release|Any CPU
		{1385FF3A-117D-4BE8-A8BF-B293ACD00C49}.Release|Any CPU.Build.0 = Release|Any CPU
	EndGlobalSection
	GlobalSection(SolutionProperties) = preSolution
		HideSolutionNode = FALSE
	EndGlobalSection
	GlobalSection(ExtensibilityGlobals) = postSolution
		SolutionGuid = {C30D761E-9585-4E80-9D31-DB1A7BBBF789}
	EndGlobalSection
EndGlobal
